
Microsoft Visual Studio Solution File, Format Version 12.00
# Visual Studio Version 17
VisualStudioVersion = 17.14.36212.18 d17.14
MinimumVisualStudioVersion = 10.0.40219.1
Project("{FAE04EC0-301F-11D3-BF4B-00C04F79EFBC}") = "Patel8sd_ContactApp", "Patel8sd_ContactApp\Patel8sd_ContactApp.csproj", "{D987E881-B221-4F9D-B63C-812CBA9C3A71}"
EndProject
Global
	GlobalSection(SolutionConfigurationPlatforms) = preSolution
		Debug|Any CPU = Debug|Any CPU
		Release|Any CPU = Release|Any CPU
	EndGlobalSection
	GlobalSection(ProjectConfigurationPlatforms) = postSolution
		{D987E881-B221-4F9D-B63C-812CBA9C3A71}.Debug|Any CPU.ActiveCfg = Debug|Any CPU
		{D987E881-B221-4F9D-B63C-812CBA9C3A71}.Debug|Any CPU.Build.0 = Debug|Any CPU
		{D987E881-B221-4F9D-B63C-812CBA9C3A71}.Release|Any CPU.ActiveCfg = Release|Any CPU
		{D987E881-B221-4F9D-B63C-812CBA9C3A71}.Release|Any CPU.Build.0 = Release|Any CPU
	EndGlobalSection
	GlobalSection(SolutionProperties) = preSolution
		HideSolutionNode = FALSE
	EndGlobalSection
	GlobalSection(ExtensibilityGlobals) = postSolution
		SolutionGuid = {9E58C904-9A28-46EF-B96F-30B72AE52BA7}
	EndGlobalSection
EndGlobal
